
Microsoft Visual Studio Solution File, Format Version 12.00
# Visual Studio 14
VisualStudioVersion = 14.0.25420.1
MinimumVisualStudioVersion = 10.0.40219.1
Project("{FAE04EC0-301F-11D3-BF4B-00C04F79EFBC}") = "DesignPattern", "DesignPattern\DesignPattern.csproj", "{48D4BA69-82D0-4366-B899-CB90BC7936DC}"
EndProject
Project("{FAE04EC0-301F-11D3-BF4B-00C04F79EFBC}") = "DesignPattern.Tests", "..\DesignPattern.Tests\DesignPattern.Tests.csproj", "{7D0FE1C1-B2BD-43BD-831C-246386E13B00}"
EndProject
Global
	GlobalSection(SolutionConfigurationPlatforms) = preSolution
		Debug|Any CPU = Debug|Any CPU
		Release|Any CPU = Release|Any CPU
	EndGlobalSection
	GlobalSection(ProjectConfigurationPlatforms) = postSolution
		{48D4BA69-82D0-4366-B899-CB90BC7936DC}.Debug|Any CPU.ActiveCfg = Debug|Any CPU
		{48D4BA69-82D0-4366-B899-CB90BC7936DC}.Debug|Any CPU.Build.0 = Debug|Any CPU
		{48D4BA69-82D0-4366-B899-CB90BC7936DC}.Release|Any CPU.ActiveCfg = Release|Any CPU
		{48D4BA69-82D0-4366-B899-CB90BC7936DC}.Release|Any CPU.Build.0 = Release|Any CPU
		{7D0FE1C1-B2BD-43BD-831C-246386E13B00}.Debug|Any CPU.ActiveCfg = Debug|Any CPU
		{7D0FE1C1-B2BD-43BD-831C-246386E13B00}.Debug|Any CPU.Build.0 = Debug|Any CPU
		{7D0FE1C1-B2BD-43BD-831C-246386E13B00}.Release|Any CPU.ActiveCfg = Release|Any CPU
		{7D0FE1C1-B2BD-43BD-831C-246386E13B00}.Release|Any CPU.Build.0 = Release|Any CPU
	EndGlobalSection
	GlobalSection(SolutionProperties) = preSolution
		HideSolutionNode = FALSE
	EndGlobalSection
EndGlobal
